Microsoft Visual Studio Solution File, Format Version 12.00
# Visual Studio Version 17
VisualStudioVersion = 17.5.2.0
MinimumVisualStudioVersion = 10.0.40219.1
Project("{FAE04EC0-301F-11D3-BF4B-00C04F79EFBC}") = "HeraldHelper.Desktop", "HeraldHelper.Desktop.csproj", "{386D0EB8-5E25-6D70-5771-6319B12595BC}"
EndProject
Global
	GlobalSection(SolutionConfigurationPlatforms) = preSolution
		Debug|Any CPU = Debug|Any CPU
		Release|Any CPU = Release|Any CPU
	EndGlobalSection
	GlobalSection(ProjectConfigurationPlatforms) = postSolution
		{386D0EB8-5E25-6D70-5771-6319B12595BC}.Debug|Any CPU.ActiveCfg = Debug|Any CPU
		{386D0EB8-5E25-6D70-5771-6319B12595BC}.Debug|Any CPU.Build.0 = Debug|Any CPU
		{386D0EB8-5E25-6D70-5771-6319B12595BC}.Release|Any CPU.ActiveCfg = Release|Any CPU
		{386D0EB8-5E25-6D70-5771-6319B12595BC}.Release|Any CPU.Build.0 = Release|Any CPU
	EndGlobalSection
	GlobalSection(SolutionProperties) = preSolution
		HideSolutionNode = FALSE
	EndGlobalSection
	GlobalSection(ExtensibilityGlobals) = postSolution
		SolutionGuid = {A0CEF01B-F768-4E7B-A0A0-039353A200AD}
	EndGlobalSection
EndGlobal
